// !$*UTF8*$!
{
	archiveVersion = 1;
	classes = {
	};
	objectVersion = 46;
	objects = {

/* Begin PBXBuildFile section */
		543BE3F31E16429C00ACE820 /* main.m in Sources */ = {isa = PBXBuildFile; fileRef = 543BE3F21E16429C00ACE820 /* main.m */; };
		543BE3F61E16429C00ACE820 /* AppDelegate.m in Sources */ = {isa = PBXBuildFile; fileRef = 543BE3F51E16429C00ACE820 /* AppDelegate.m */; };
		543BE3F91E16429C00ACE820 /* ViewController.m in Sources */ = {isa = PBXBuildFile; fileRef = 543BE3F81E16429C00ACE820 /* ViewController.m */; };
		543BE3FC1E16429C00ACE820 /* Main.storyboard in Resources */ = {isa = PBXBuildFile; fileRef = 543BE3FA1E16429C00ACE820 /* Main.storyboard */; };
		543BE3FE1E16429C00ACE820 /* Assets.xcassets in Resources */ = {isa = PBXBuildFile; fileRef = 543BE3FD1E16429C00ACE820 /* Assets.xcassets */; };
		543BE4011E16429C00ACE820 /* LaunchScreen.storyboard in Resources */ = {isa = PBXBuildFile; fileRef = 543BE3FF1E16429C00ACE820 /* LaunchScreen.storyboard */; };
		543BE40C1E16429D00ACE820 /* TitleViewTests.m in Sources */ = {isa = PBXBuildFile; fileRef = 543BE40B1E16429D00ACE820 /* TitleViewTests.m */; };
		543BE4171E16429D00ACE820 /* TitleViewUITests.m in Sources */ = {isa = PBXBuildFile; fileRef = 543BE4161E16429D00ACE820 /* TitleViewUITests.m */; };
		543BE4261E1642DD00ACE820 /* YSTitlesView.m in Sources */ = {isa = PBXBuildFile; fileRef = 543BE4251E1642DD00ACE820 /* YSTitlesView.m */; };
		B0EDAEEC1EA7673600AC2C48 /* UIView+HKExtension.m in Sources */ = {isa = PBXBuildFile; fileRef = B0EDAEEB1EA7673600AC2C48 /* UIView+HKExtension.m */; };
/* End PBXBuildFile section */

/* Begin PBXContainerItemProxy section */
		543BE4081E16429D00ACE820 /* PBXContainerItemProxy */ = {
			isa = PBXContainerItemProxy;
			containerPortal = 543BE3E61E16429C00ACE820 /* Project object */;
			proxyType = 1;
			remoteGlobalIDString = 543BE3ED1E16429C00ACE820;
			remoteInfo = TitleView;
		};
		543BE4131E16429D00ACE820 /* PBXContainerItemProxy */ = {
			isa = PBXContainerItemProxy;
			containerPortal = 543BE3E61E16429C00ACE820 /* Project object */;
			proxyType = 1;
			remoteGlobalIDString = 543BE3ED1E16429C00ACE820;
			remoteInfo = TitleView;
		};
/* End PBXContainerItemProxy section */

/* Begin PBXFileReference section */
		543BE3EE1E16429C00ACE820 /* TitleView.app */ = {isa = PBXFileReference; explicitFileType = wrapper.application; includeInIndex = 0; path = TitleView.app; sourceTree = BUILT_PRODUCTS_DIR; };
		543BE3F21E16429C00ACE820 /* main.m */ = {isa = PBXFileReference; lastKnownFileType = sourcecode.c.objc; path = main.m; sourceTree = "<group>"; };
		543BE3F41E16429C00ACE820 /* AppDelegate.h */ = {isa = PBXFileReference; lastKnownFileType = sourcecode.c.h; path = AppDelegate.h; sourceTree = "<group>"; };
		543BE3F51E16429C00ACE820 /* AppDelegate.m */ = {isa = PBXFileReference; lastKnownFileType = sourcecode.c.objc; path = AppDelegate.m; sourceTree = "<group>"; };
		543BE3F71E16429C00ACE820 /* ViewController.h */ = {isa = PBXFileReference; lastKnownFileType = sourcecode.c.h; path = ViewController.h; sourceTree = "<group>"; };
		543BE3F81E16429C00ACE820 /* ViewController.m */ = {isa = PBXFileReference; lastKnownFileType = sourcecode.c.objc; path = ViewController.m; sourceTree = "<group>"; };
		543BE3FB1E16429C00ACE820 /* Base */ = {isa = PBXFileReference; lastKnownFileType = file.storyboard; name = Base; path = Base.lproj/Main.storyboard; sourceTree = "<group>"; };
		543BE3FD1E16429C00ACE820 /* Assets.xcassets */ = {isa = PBXFileReference; lastKnownFileType = folder.assetcatalog; path = Assets.xcassets; sourceTree = "<group>"; };
		543BE4001E16429C00ACE820 /* Base */ = {isa = PBXFileReference; lastKnownFileType = file.storyboard; name = Base; path = Base.lproj/LaunchScreen.storyboard; sourceTree = "<group>"; };
		543BE4021E16429C00ACE820 /* Info.plist */ = {isa = PBXFileReference; lastKnownFileType = text.plist.xml; path = Info.plist; sourceTree = "<group>"; };
		543BE4071E16429D00ACE820 /* TitleViewTests.xctest */ = {isa = PBXFileReference; explicitFileType = wrapper.cfbundle; includeInIndex = 0; path = TitleViewTests.xctest; sourceTree = BUILT_PRODUCTS_DIR; };
		543BE40B1E16429D00ACE820 /* TitleViewTests.m */ = {isa = PBXFileReference; lastKnownFileType = sourcecode.c.objc; path = TitleViewTests.m; sourceTree = "<group>"; };
		543BE40D1E16429D00ACE820 /* Info.plist */ = {isa = PBXFileReference; lastKnownFileType = text.plist.xml; path = Info.plist; sourceTree = "<group>"; };
		543BE4121E16429D00ACE820 /* TitleViewUITests.xctest */ = {isa = PBXFileReference; explicitFileType = wrapper.cfbundle; includeInIndex = 0; path = TitleViewUITests.xctest; sourceTree = BUILT_PRODUCTS_DIR; };
		543BE4161E16429D00ACE820 /* TitleViewUITests.m */ = {isa = PBXFileReference; lastKnownFileType = sourcecode.c.objc; path = TitleViewUITests.m; sourceTree = "<group>"; };
		543BE4181E16429D00ACE820 /* Info.plist */ = {isa = PBXFileReference; lastKnownFileType = text.plist.xml; path = Info.plist; sourceTree = "<group>"; };
		543BE4241E1642DD00ACE820 /* YSTitlesView.h */ = {isa = PBXFileReference; fileEncoding = 4; lastKnownFileType = sourcecode.c.h; path = YSTitlesView.h; sourceTree = "<group>"; };
		543BE4251E1642DD00ACE820 /* YSTitlesView.m */ = {isa = PBXFileReference; fileEncoding = 4; lastKnownFileType = sourcecode.c.objc; path = YSTitlesView.m; sourceTree = "<group>"; };
		B0EDAEEA1EA7673600AC2C48 /* UIView+HKExtension.h */ = {isa = PBXFileReference; fileEncoding = 4; lastKnownFileType = sourcecode.c.h; path = "UIView+HKExtension.h"; sourceTree = "<group>"; };
		B0EDAEEB1EA7673600AC2C48 /* UIView+HKExtension.m */ = {isa = PBXFileReference; fileEncoding = 4; lastKnownFileType = sourcecode.c.objc; path = "UIView+HKExtension.m"; sourceTree = "<group>"; };
/* End PBXFileReference section */

/* Begin PBXFrameworksBuildPhase section */
		543BE3EB1E16429C00ACE820 /* Frameworks */ = {
			isa = PBXFrameworksBuildPhase;
			buildActionMask = 2147483647;
			files = (
			);
			runOnlyForDeploymentPostprocessing = 0;
		};
		543BE4041E16429D00ACE820 /* Frameworks */ = {
			isa = PBXFrameworksBuildPhase;
			buildActionMask = 2147483647;
			files = (
			);
			runOnlyForDeploymentPostprocessing = 0;
		};
		543BE40F1E16429D00ACE820 /* Frameworks */ = {
			isa = PBXFrameworksBuildPhase;
			buildActionMask = 2147483647;
			files = (
			);
			runOnlyForDeploymentPostprocessing = 0;
		};
/* End PBXFrameworksBuildPhase section */

/* Begin PBXGroup section */
		543BE3E51E16429C00ACE820 = {
			isa = PBXGroup;
			children = (
				543BE3F01E16429C00ACE820 /* TitleView */,
				543BE40A1E16429D00ACE820 /* TitleViewTests */,
				543BE4151E16429D00ACE820 /* TitleViewUITests */,
				543BE3EF1E16429C00ACE820 /* Products */,
			);
			sourceTree = "<group>";
		};
		543BE3EF1E16429C00ACE820 /* Products */ = {
			isa = PBXGroup;
			children = (
				543BE3EE1E16429C00ACE820 /* TitleView.app */,
				543BE4071E16429D00ACE820 /* TitleViewTests.xctest */,
				543BE4121E16429D00ACE820 /* TitleViewUITests.xctest */,
			);
			name = Products;
			sourceTree = "<group>";
		};
		543BE3F01E16429C00ACE820 /* TitleView */ = {
			isa = PBXGroup;
			children = (
				543BE3F41E16429C00ACE820 /* AppDelegate.h */,
				543BE3F51E16429C00ACE820 /* AppDelegate.m */,
				543BE3F71E16429C00ACE820 /* ViewController.h */,
				543BE3F81E16429C00ACE820 /* ViewController.m */,
				B0EDAEEA1EA7673600AC2C48 /* UIView+HKExtension.h */,
				B0EDAEEB1EA7673600AC2C48 /* UIView+HKExtension.m */,
				543BE4241E1642DD00ACE820 /* YSTitlesView.h */,
				543BE4251E1642DD00ACE820 /* YSTitlesView.m */,
				543BE3FA1E16429C00ACE820 /* Main.storyboard */,
				543BE3FD1E16429C00ACE820 /* Assets.xcassets */,
				543BE3FF1E16429C00ACE820 /* LaunchScreen.storyboard */,
				543BE4021E16429C00ACE820 /* Info.plist */,
				543BE3F11E16429C00ACE820 /* Supporting Files */,
			);
			path = TitleView;
			sourceTree = "<group>";
		};
		543BE3F11E16429C00ACE820 /* Supporting Files */ = {
			isa = PBXGroup;
			children = (
				543BE3F21E16429C00ACE820 /* main.m */,
			);
			name = "Supporting Files";
			sourceTree = "<group>";
		};
		543BE40A1E16429D00ACE820 /* TitleViewTests */ = {
			isa = PBXGroup;
			children = (
				543BE40B1E16429D00ACE820 /* TitleViewTests.m */,
				543BE40D1E16429D00ACE820 /* Info.plist */,
			);
			path = TitleViewTests;
			sourceTree = "<group>";
		};
		543BE4151E16429D00ACE820 /* TitleViewUITests */ = {
			isa = PBXGroup;
			children = (
				543BE4161E16429D00ACE820 /* TitleViewUITests.m */,
				543BE4181E16429D00ACE820 /* Info.plist */,
			);
			path = TitleViewUITests;
			sourceTree = "<group>";
		};
/* End PBXGroup section */

/* Begin PBXNativeTarget section */
		543BE3ED1E16429C00ACE820 /* TitleView */ = {
			isa = PBXNativeTarget;
			buildConfigurationList = 543BE41B1E16429D00ACE820 /* Build configuration list for PBXNativeTarget "TitleView" */;
			buildPhases = (
				543BE3EA1E16429C00ACE820 /* Sources */,
				543BE3EB1E16429C00ACE820 /* Frameworks */,
				543BE3EC1E16429C00ACE820 /* Resources */,
			);
			buildRules = (
			);
			dependencies = (
			);
			name = TitleView;
			productName = TitleView;
			productReference = 543BE3EE1E16429C00ACE820 /* TitleView.app */;
			productType = "com.apple.product-type.application";
		};
		543BE4061E16429D00ACE820 /* TitleViewTests */ = {
			isa = PBXNativeTarget;
			buildConfigurationList = 543BE41E1E16429D00ACE820 /* Build configuration list for PBXNativeTarget "TitleViewTests" */;
			buildPhases = (
				543BE4031E16429D00ACE820 /* Sources */,
				543BE4041E16429D00ACE820 /* Frameworks */,
				543BE4051E16429D00ACE820 /* Resources */,
			);
			buildRules = (
			);
			dependencies = (
				543BE4091E16429D00ACE820 /* PBXTargetDependency */,
			);
			name = TitleViewTests;
			productName = TitleViewTests;
			productReference = 543BE4071E16429D00ACE820 /* TitleViewTests.xctest */;
			productType = "com.apple.product-type.bundle.unit-test";
		};
		543BE4111E16429D00ACE820 /* TitleViewUITests */ = {
			isa = PBXNativeTarget;
			buildConfigurationList = 543BE4211E16429D00ACE820 /* Build configuration list for PBXNativeTarget "TitleViewUITests" */;
			buildPhases = (
				543BE40E1E16429D00ACE820 /* Sources */,
				543BE40F1E16429D00ACE820 /* Frameworks */,
				543BE4101E16429D00ACE820 /* Resources */,
			);
			buildRules = (
			);
			dependencies = (
				543BE4141E16429D00ACE820 /* PBXTargetDependency */,
			);
			name = TitleViewUITests;
			productName = TitleViewUITests;
			productReference = 543BE4121E16429D00ACE820 /* TitleViewUITests.xctest */;
			productType = "com.apple.product-type.bundle.ui-testing";
		};
/* End PBXNativeTarget section */

/* Begin PBXProject section */
		543BE3E61E16429C00ACE820 /* Project object */ = {
			isa = PBXProject;
			attributes = {
				LastUpgradeCheck = 0800;
				ORGANIZATIONNAME = YueShi;
				TargetAttributes = {
					543BE3ED1E16429C00ACE820 = {
						CreatedOnToolsVersion = 8.0;
						ProvisioningStyle = Automatic;
					};
					543BE4061E16429D00ACE820 = {
						CreatedOnToolsVersion = 8.0;
						ProvisioningStyle = Automatic;
						TestTargetID = 543BE3ED1E16429C00ACE820;
					};
					543BE4111E16429D00ACE820 = {
						CreatedOnToolsVersion = 8.0;
						ProvisioningStyle = Automatic;
						TestTargetID = 543BE3ED1E16429C00ACE820;
					};
				};
			};
			buildConfigurationList = 543BE3E91E16429C00ACE820 /* Build configuration list for PBXProject "TitleView" */;
			compatibilityVersion = "Xcode 3.2";
			developmentRegion = English;
			hasScannedForEncodings = 0;
			knownRegions = (
				en,
				Base,
			);
			mainGroup = 543BE3E51E16429C00ACE820;
			productRefGroup = 543BE3EF1E16429C00ACE820 /* Products */;
			projectDirPath = "";
			projectRoot = "";
			targets = (
				543BE3ED1E16429C00ACE820 /* TitleView */,
				543BE4061E16429D00ACE820 /* TitleViewTests */,
				543BE4111E16429D00ACE820 /* TitleViewUITests */,
			);
		};
/* End PBXProject section */

/* Begin PBXResourcesBuildPhase section */
		543BE3EC1E16429C00ACE820 /* Resources */ = {
			isa = PBXResourcesBuildPhase;
			buildActionMask = 2147483647;
			files = (
				543BE4011E16429C00ACE820 /* LaunchScreen.storyboard in Resources */,
				543BE3FE1E16429C00ACE820 /* Assets.xcassets in Resources */,
				543BE3FC1E16429C00ACE820 /* Main.storyboard in Resources */,
			);
			runOnlyForDeploymentPostprocessing = 0;
		};
		543BE4051E16429D00ACE820 /* Resources */ = {
			isa = PBXResourcesBuildPhase;
			buildActionMask = 2147483647;
			files = (
			);
			runOnlyForDeploymentPostprocessing = 0;
		};
		543BE4101E16429D00ACE820 /* Resources */ = {
			isa = PBXResourcesBuildPhase;
			buildActionMask = 2147483647;
			files = (
			);
			runOnlyForDeploymentPostprocessing = 0;
		};
/* End PBXResourcesBuildPhase section */

/* Begin PBXSourcesBuildPhase section */
		543BE3EA1E16429C00ACE820 /* Sources */ = {
			isa = PBXSourcesBuildPhase;
			buildActionMask = 2147483647;
			files = (
				543BE3F91E16429C00ACE820 /* ViewController.m in Sources */,
				B0EDAEEC1EA7673600AC2C48 /* UIView+HKExtension.m in Sources */,
				543BE4261E1642DD00ACE820 /* YSTitlesView.m in Sources */,
				543BE3F61E16429C00ACE820 /* AppDelegate.m in Sources */,
				543BE3F31E16429C00ACE820 /* main.m in Sources */,
			);
			runOnlyForDeploymentPostprocessing = 0;
		};
		543BE4031E16429D00ACE820 /* Sources */ = {
			isa = PBXSourcesBuildPhase;
			buildActionMask = 2147483647;
			files = (
				543BE40C1E16429D00ACE820 /* TitleViewTests.m in Sources */,
			);
			runOnlyForDeploymentPostprocessing = 0;
		};
		543BE40E1E16429D00ACE820 /* Sources */ = {
			isa = PBXSourcesBuildPhase;
			buildActionMask = 2147483647;
			files = (
				543BE4171E16429D00ACE820 /* TitleViewUITests.m in Sources */,
			);
			runOnlyForDeploymentPostprocessing = 0;
		};
/* End PBXSourcesBuildPhase section */

/* Begin PBXTargetDependency section */
		543BE4091E16429D00ACE820 /* PBXTargetDependency */ = {
			isa = PBXTargetDependency;
			target = 543BE3ED1E16429C00ACE820 /* TitleView */;
			targetProxy = 543BE4081E16429D00ACE820 /* PBXContainerItemProxy */;
		};
		543BE4141E16429D00ACE820 /* PBXTargetDependency */ = {
			isa = PBXTargetDependency;
			target = 543BE3ED1E16429C00ACE820 /* TitleView */;
			targetProxy = 543BE4131E16429D00ACE820 /* PBXContainerItemProxy */;
		};
/* End PBXTargetDependency section */

/* Begin PBXVariantGroup section */
		543BE3FA1E16429C00ACE820 /* Main.storyboard */ = {
			isa = PBXVariantGroup;
			children = (
				543BE3FB1E16429C00ACE820 /* Base */,
			);
			name = Main.storyboard;
			sourceTree = "<group>";
		};
		543BE3FF1E16429C00ACE820 /* LaunchScreen.storyboard */ = {
			isa = PBXVariantGroup;
			children = (
				543BE4001E16429C00ACE820 /* Base */,
			);
			name = LaunchScreen.storyboard;
			sourceTree = "<group>";
		};
/* End PBXVariantGroup section */

/* Begin XCBuildConfiguration section */
		543BE4191E16429D00ACE820 /* Debug */ = {
			isa = XCBuildConfiguration;
			buildSettings = {
				ALWAYS_SEARCH_USER_PATHS = NO;
				CLANG_ANALYZER_NONNULL = YES;
				CLANG_CXX_LANGUAGE_STANDARD = "gnu++0x";
				CLANG_CXX_LIBRARY = "libc++";
				CLANG_ENABLE_MODULES = YES;
				CLANG_ENABLE_OBJC_ARC = YES;
				CLANG_WARN_BOOL_CONVERSION = YES;
				CLANG_WARN_CONSTANT_CONVERSION = YES;
				CLANG_WARN_DIRECT_OBJC_ISA_USAGE = YES_ERROR;
				CLANG_WARN_DOCUMENTATION_COMMENTS = YES;
				CLANG_WARN_EMPTY_BODY = YES;
				CLANG_WARN_ENUM_CONVERSION = YES;
				CLANG_WARN_INFINITE_RECURSION = YES;
				CLANG_WARN_INT_CONVERSION = YES;
				CLANG_WARN_OBJC_ROOT_CLASS = YES_ERROR;
				CLANG_WARN_SUSPICIOUS_MOVES = YES;
				CLANG_WARN_UNREACHABLE_CODE = YES;
				CLANG_WARN__DUPLICATE_METHOD_MATCH = YES;
				"CODE_SIGN_IDENTITY[sdk=iphoneos*]" = "iPhone Developer";
				COPY_PHASE_STRIP = NO;
				DEBUG_INFORMATION_FORMAT = dwarf;
				ENABLE_STRICT_OBJC_MSGSEND = YES;
				ENABLE_TESTABILITY = YES;
				GCC_C_LANGUAGE_STANDARD = gnu99;
				GCC_DYNAMIC_NO_PIC = NO;
				GCC_NO_COMMON_BLOCKS = YES;
				GCC_OPTIMIZATION_LEVEL = 0;
				GCC_PREPROCESSOR_DEFINITIONS = (
					"DEBUG=1",
					"$(inherited)",
				);
				GCC_WARN_64_TO_32_BIT_CONVERSION = YES;
				GCC_WARN_ABOUT_RETURN_TYPE = YES_ERROR;
				GCC_WARN_UNDECLARED_SELECTOR = YES;
				GCC_WARN_UNINITIALIZED_AUTOS = YES_AGGRESSIVE;
				GCC_WARN_UNUSED_FUNCTION = YES;
				GCC_WARN_UNUSED_VARIABLE = YES;
				IPHONEOS_DEPLOYMENT_TARGET = 10.0;
				MTL_ENABLE_DEBUG_INFO = YES;
				ONLY_ACTIVE_ARCH = YES;
				SDKROOT = iphoneos;
				TARGETED_DEVICE_FAMILY = "1,2";
			};
			name = Debug;
		};
		543BE41A1E16429D00ACE820 /* Release */ = {
			isa = XCBuildConfiguration;
			buildSettings = {
				ALWAYS_SEARCH_USER_PATHS = NO;
				CLANG_ANALYZER_NONNULL = YES;
				CLANG_CXX_LANGUAGE_STANDARD = "gnu++0x";
				CLANG_CXX_LIBRARY = "libc++";
				CLANG_ENABLE_MODULES = YES;
				CLANG_ENABLE_OBJC_ARC = YES;
				CLANG_WARN_BOOL_CONVERSION = YES;
				CLANG_WARN_CONSTANT_CONVERSION = YES;
				CLANG_WARN_DIRECT_OBJC_ISA_USAGE = YES_ERROR;
				CLANG_WARN_DOCUMENTATION_COMMENTS = YES;
				CLANG_WARN_EMPTY_BODY = YES;
				CLANG_WARN_ENUM_CONVERSION = YES;
				CLANG_WARN_INFINITE_RECURSION = YES;
				CLANG_WARN_INT_CONVERSION = YES;
				CLANG_WARN_OBJC_ROOT_CLASS = YES_ERROR;
				CLANG_WARN_SUSPICIOUS_MOVES = YES;
				CLANG_WARN_UNREACHABLE_CODE = YES;
				CLANG_WARN__DUPLICATE_METHOD_MATCH = YES;
				"CODE_SIGN_IDENTITY[sdk=iphoneos*]" = "iPhone Developer";
				COPY_PHASE_STRIP = NO;
				DEBUG_INFORMATION_FORMAT = "dwarf-with-dsym";
				ENABLE_NS_ASSERTIONS = NO;
				ENABLE_STRICT_OBJC_MSGSEND = YES;
				GCC_C_LANGUAGE_STANDARD = gnu99;
				GCC_NO_COMMON_BLOCKS = YES;
				GCC_WARN_64_TO_32_BIT_CONVERSION = YES;
				GCC_WARN_ABOUT_RETURN_TYPE = YES_ERROR;
				GCC_WARN_UNDECLARED_SELECTOR = YES;
				GCC_WARN_UNINITIALIZED_AUTOS = YES_AGGRESSIVE;
				GCC_WARN_UNUSED_FUNCTION = YES;
				GCC_WARN_UNUSED_VARIABLE = YES;
				IPHONEOS_DEPLOYMENT_TARGET = 10.0;
				MTL_ENABLE_DEBUG_INFO = NO;
				SDKROOT = iphoneos;
				TARGETED_DEVICE_FAMILY = "1,2";
				VALIDATE_PRODUCT = YES;
			};
			name = Release;
		};
		543BE41C1E16429D00ACE820 /* Debug */ = {
			isa = XCBuildConfiguration;
			buildSettings = {
				ASSETCATALOG_COMPILER_APPICON_NAME = AppIcon;
				INFOPLIST_FILE = TitleView/Info.plist;
				LD_RUNPATH_SEARCH_PATHS = "$(inherited) @executable_path/Frameworks";
				PRODUCT_BUNDLE_IDENTIFIER = com.youlu.TitleView;
				PRODUCT_NAME = "$(TARGET_NAME)";
			};
			name = Debug;
		};
		543BE41D1E16429D00ACE820 /* Release */ = {
			isa = XCBuildConfiguration;
			buildSettings = {
				ASSETCATALOG_COMPILER_APPICON_NAME = AppIcon;
				INFOPLIST_FILE = TitleView/Info.plist;
				LD_RUNPATH_SEARCH_PATHS = "$(inherited) @executable_path/Frameworks";
				PRODUCT_BUNDLE_IDENTIFIER = com.youlu.TitleView;
				PRODUCT_NAME = "$(TARGET_NAME)";
			};
			name = Release;
		};
		543BE41F1E16429D00ACE820 /* Debug */ = {
			isa = XCBuildConfiguration;
			buildSettings = {
				BUNDLE_LOADER = "$(TEST_HOST)";
				INFOPLIST_FILE = TitleViewTests/Info.plist;
				LD_RUNPATH_SEARCH_PATHS = "$(inherited) @executable_path/Frameworks @loader_path/Frameworks";
				PRODUCT_BUNDLE_IDENTIFIER = com.youlu.TitleViewTests;
				PRODUCT_NAME = "$(TARGET_NAME)";
				TEST_HOST = "$(BUILT_PRODUCTS_DIR)/TitleView.app/TitleView";
			};
			name = Debug;
		};
		543BE4201E16429D00ACE820 /* Release */ = {
			isa = XCBuildConfiguration;
			buildSettings = {
				BUNDLE_LOADER = "$(TEST_HOST)";
				INFOPLIST_FILE = TitleViewTests/Info.plist;
				LD_RUNPATH_SEARCH_PATHS = "$(inherited) @executable_path/Frameworks @loader_path/Frameworks";
				PRODUCT_BUNDLE_IDENTIFIER = com.youlu.TitleViewTests;
				PRODUCT_NAME = "$(TARGET_NAME)";
				TEST_HOST = "$(BUILT_PRODUCTS_DIR)/TitleView.app/TitleView";
			};
			name = Release;
		};
		543BE4221E16429D00ACE820 /* Debug */ = {
			isa = XCBuildConfiguration;
			buildSettings = {
				INFOPLIST_FILE = TitleViewUITests/Info.plist;
				LD_RUNPATH_SEARCH_PATHS = "$(inherited) @executable_path/Frameworks @loader_path/Frameworks";
				PRODUCT_BUNDLE_IDENTIFIER = com.youlu.TitleViewUITests;
				PRODUCT_NAME = "$(TARGET_NAME)";
				TEST_TARGET_NAME = TitleView;
			};
			name = Debug;
		};
		543BE4231E16429D00ACE820 /* Release */ = {
			isa = XCBuildConfiguration;
			buildSettings = {
				INFOPLIST_FILE = TitleViewUITests/Info.plist;
				LD_RUNPATH_SEARCH_PATHS = "$(inherited) @executable_path/Frameworks @loader_path/Frameworks";
				PRODUCT_BUNDLE_IDENTIFIER = com.youlu.TitleViewUITests;
				PRODUCT_NAME = "$(TARGET_NAME)";
				TEST_TARGET_NAME = TitleView;
			};
			name = Release;
		};
/* End XCBuildConfiguration section */

/* Begin XCConfigurationList section */
		543BE3E91E16429C00ACE820 /* Build configuration list for PBXProject "TitleView" */ = {
			isa = XCConfigurationList;
			buildConfigurations = (
				543BE4191E16429D00ACE820 /* Debug */,
				543BE41A1E16429D00ACE820 /* Release */,
			);
			defaultConfigurationIsVisible = 0;
			defaultConfigurationName = Release;
		};
		543BE41B1E16429D00ACE820 /* Build configuration list for PBXNativeTarget "TitleView" */ = {
			isa = XCConfigurationList;
			buildConfigurations = (
				543BE41C1E16429D00ACE820 /* Debug */,
				543BE41D1E16429D00ACE820 /* Release */,
			);
			defaultConfigurationIsVisible = 0;
			defaultConfigurationName = Release;
		};
		543BE41E1E16429D00ACE820 /* Build configuration list for PBXNativeTarget "TitleViewTests" */ = {
			isa = XCConfigurationList;
			buildConfigurations = (
				543BE41F1E16429D00ACE820 /* Debug */,
				543BE4201E16429D00ACE820 /* Release */,
			);
			defaultConfigurationIsVisible = 0;
			defaultConfigurationName = Release;
		};
		543BE4211E16429D00ACE820 /* Build configuration list for PBXNativeTarget "TitleViewUITests" */ = {
			isa = XCConfigurationList;
			buildConfigurations = (
				543BE4221E16429D00ACE820 /* Debug */,
				543BE4231E16429D00ACE820 /* Release */,
			);
			defaultConfigurationIsVisible = 0;
			defaultConfigurationName = Release;
		};
/* End XCConfigurationList section */
	};
	rootObject = 543BE3E61E16429C00ACE820 /* Project object */;
}
